
Microsoft Visual Studio Solution File, Format Version 12.00
# Visual Studio Version 17
VisualStudioVersion = 17.0.31903.59
MinimumVisualStudioVersion = 15.0.26124.0
Project("{9A19103F-16F7-4668-BE54-9A1E7A4F7556}") = "ProjectLinter", "src\ProjectLinter.csproj", "{BF2673AD-968C-4B46-A3ED-8BD410C95CA9}"
EndProject
Project("{9A19103F-16F7-4668-BE54-9A1E7A4F7556}") = "ProjectLinter.Test", "tests\ProjectLinter.Test\ProjectLinter.Test.csproj", "{B70299CC-440A-4A51-8A95-E402C41DA07B}"
EndProject
Project("{2150E333-8FDC-42A3-9474-1A3956D46DE8}") = "Solution Items", "Solution Items", "{BB9FCBAA-3341-4FE3-A94F-CAF6405049A6}"
	ProjectSection(SolutionItems) = preProject
		.gitignore = .gitignore
		build.py = build.py
		Directory.Build.props = Directory.Build.props
		Directory.Build.targets = Directory.Build.targets
		global.json = global.json
		NonTestProject.targets = NonTestProject.targets
		README.md = README.md
		smoke_test.py = smoke_test.py
		test.py = test.py
	EndProjectSection
EndProject
Project("{2150E333-8FDC-42A3-9474-1A3956D46DE8}") = "src", "src", "{7D83C734-5B7E-414F-ADBC-6DD5F90C7440}"
EndProject
Project("{2150E333-8FDC-42A3-9474-1A3956D46DE8}") = "tests", "tests", "{71BCB6C3-2F38-449E-8160-FA4899D460BE}"
EndProject
Global
	GlobalSection(SolutionConfigurationPlatforms) = preSolution
		Debug|Any CPU = Debug|Any CPU
		Debug|x64 = Debug|x64
		Debug|x86 = Debug|x86
		Release|Any CPU = Release|Any CPU
		Release|x64 = Release|x64
		Release|x86 = Release|x86
	EndGlobalSection
	GlobalSection(ProjectConfigurationPlatforms) = postSolution
		{BF2673AD-968C-4B46-A3ED-8BD410C95CA9}.Debug|Any CPU.ActiveCfg = Debug|Any CPU
		{BF2673AD-968C-4B46-A3ED-8BD410C95CA9}.Debug|Any CPU.Build.0 = Debug|Any CPU
		{BF2673AD-968C-4B46-A3ED-8BD410C95CA9}.Debug|x64.ActiveCfg = Debug|Any CPU
		{BF2673AD-968C-4B46-A3ED-8BD410C95CA9}.Debug|x64.Build.0 = Debug|Any CPU
		{BF2673AD-968C-4B46-A3ED-8BD410C95CA9}.Debug|x86.ActiveCfg = Debug|Any CPU
		{BF2673AD-968C-4B46-A3ED-8BD410C95CA9}.Debug|x86.Build.0 = Debug|Any CPU
		{BF2673AD-968C-4B46-A3ED-8BD410C95CA9}.Release|Any CPU.ActiveCfg = Release|Any CPU
		{BF2673AD-968C-4B46-A3ED-8BD410C95CA9}.Release|Any CPU.Build.0 = Release|Any CPU
		{BF2673AD-968C-4B46-A3ED-8BD410C95CA9}.Release|x64.ActiveCfg = Release|Any CPU
		{BF2673AD-968C-4B46-A3ED-8BD410C95CA9}.Release|x64.Build.0 = Release|Any CPU
		{BF2673AD-968C-4B46-A3ED-8BD410C95CA9}.Release|x86.ActiveCfg = Release|Any CPU
		{BF2673AD-968C-4B46-A3ED-8BD410C95CA9}.Release|x86.Build.0 = Release|Any CPU
		{B70299CC-440A-4A51-8A95-E402C41DA07B}.Debug|Any CPU.ActiveCfg = Debug|Any CPU
		{B70299CC-440A-4A51-8A95-E402C41DA07B}.Debug|Any CPU.Build.0 = Debug|Any CPU
		{B70299CC-440A-4A51-8A95-E402C41DA07B}.Debug|x64.ActiveCfg = Debug|Any CPU
		{B70299CC-440A-4A51-8A95-E402C41DA07B}.Debug|x64.Build.0 = Debug|Any CPU
		{B70299CC-440A-4A51-8A95-E402C41DA07B}.Debug|x86.ActiveCfg = Debug|Any CPU
		{B70299CC-440A-4A51-8A95-E402C41DA07B}.Debug|x86.Build.0 = Debug|Any CPU
		{B70299CC-440A-4A51-8A95-E402C41DA07B}.Release|Any CPU.ActiveCfg = Release|Any CPU
		{B70299CC-440A-4A51-8A95-E402C41DA07B}.Release|Any CPU.Build.0 = Release|Any CPU
		{B70299CC-440A-4A51-8A95-E402C41DA07B}.Release|x64.ActiveCfg = Release|Any CPU
		{B70299CC-440A-4A51-8A95-E402C41DA07B}.Release|x64.Build.0 = Release|Any CPU
		{B70299CC-440A-4A51-8A95-E402C41DA07B}.Release|x86.ActiveCfg = Release|Any CPU
		{B70299CC-440A-4A51-8A95-E402C41DA07B}.Release|x86.Build.0 = Release|Any CPU
	EndGlobalSection
	GlobalSection(SolutionProperties) = preSolution
		HideSolutionNode = FALSE
	EndGlobalSection
	GlobalSection(NestedProjects) = preSolution
		{BF2673AD-968C-4B46-A3ED-8BD410C95CA9} = {7D83C734-5B7E-414F-ADBC-6DD5F90C7440}
		{B70299CC-440A-4A51-8A95-E402C41DA07B} = {71BCB6C3-2F38-449E-8160-FA4899D460BE}
	EndGlobalSection
	GlobalSection(ExtensibilityGlobals) = postSolution
		SolutionGuid = {F44A0540-7DFE-42F8-AEE3-A946D3EAF601}
	EndGlobalSection
EndGlobal
